<?xml version="1.0" encoding="utf-8"?>
<Project ToolsVersion="4.0" xmlns="http://schemas.microsoft.com/developer/msbuild/2003">
  <ItemGroup>
    <ClCompile Include="..\..\Common\test\cmdlineopts_test.cpp">
      <Filter>Test</Filter>
    </ClCompile>
    <ClCompile Include="..\..\Common\test\string_test.cpp">
      <Filter>Test</Filter>
    </ClCompile>
    <ClCompile Include="..\..\Common\libsrc\googletest\src\gtest_main.cc">
      <Filter>Test</Filter>
    </ClCompile>
    <ClCompile Include="..\..\Common\libsrc\googletest\src\gtest-all.cc">
      <Filter>Test</Filter>
    </ClCompile>
    <ClCompile Include="..\..\Common\util\string.cpp">
      <Filter>Common</Filter>
    </ClCompile>
    <ClCompile Include="..\..\Common\util\string_compat.c">
      <Filter>Common</Filter>
    </ClCompile>
    <ClCompile Include="..\..\Common\util\stream.cpp">
      <Filter>Common</Filter>
    </ClCompile>
    <ClCompile Include="..\..\Common\test\math_test.cpp">
      <Filter>Test</Filter>
    </ClCompile>
    <ClCompile Include="..\..\Common\test\memory_test.cpp">
      <Filter>Test</Filter>
    </ClCompile>
    <ClCompile Include="..\..\Common\test\gfxdef_test.cpp">
      <Filter>Test</Filter>
    </ClCompile>
    <ClCompile Include="..\..\Common\test\version_test.cpp">
      <Filter>Test</Filter>
    </ClCompile>
    <ClCompile Include="..\..\Common\util\version.cpp">
      <Filter>Common</Filter>
    </ClCompile>
    <ClCompile Include="..\..\Common\test\stream_test.cpp">
      <Filter>Test</Filter>
    </ClCompile>
    <ClCompile Include="..\..\Common\util\cmdlineopts.cpp">
      <Filter>Common</Filter>
    </ClCompile>
    <ClCompile Include="..\..\Common\util\memorystream.cpp">
      <Filter>Common</Filter>
    </ClCompile>
    <ClCompile Include="..\..\Common\util\datastream.cpp">
      <Filter>Common</Filter>
    </ClCompile>
    <ClCompile Include="..\..\Common\util\string_utils.cpp">
      <Filter>Common</Filter>
    </ClCompile>
    <ClCompile Include="..\..\Common\test\inifile_test.cpp">
      <Filter>Test</Filter>
    </ClCompile>
    <ClCompile Include="..\..\Common\util\ini_util.cpp">
      <Filter>Common</Filter>
    </ClCompile>
    <ClCompile Include="..\..\Common\util\inifile.cpp">
      <Filter>Common</Filter>
    </ClCompile>
    <ClCompile Include="..\..\Common\util\textstreamreader.cpp">
      <Filter>Common</Filter>
    </ClCompile>
    <ClCompile Include="..\..\Common\util\textstreamwriter.cpp">
      <Filter>Common</Filter>
    </ClCompile>
    <ClCompile Include="..\..\Common\util\filestream.cpp">
      <Filter>Common</Filter>
    </ClCompile>
    <ClCompile Include="..\..\Common\util\bufferedstream.cpp">
      <Filter>Common</Filter>
    </ClCompile>
    <ClCompile Include="..\..\Common\util\stdio_compat.c">
      <Filter>Common</Filter>
    </ClCompile>
    <ClCompile Include="..\..\Common\util\file.cpp">
      <Filter>Common</Filter>
    </ClCompile>
    <ClCompile Include="..\..\Common\test\path_test.cpp">
      <Filter>Test</Filter>
    </ClCompile>
    <ClCompile Include="..\..\Common\util\path.cpp">
      <Filter>Common</Filter>
    </ClCompile>
    <ClCompile Include="..\..\libsrc\allegro\src\file.c">
      <Filter>Libs\allegro</Filter>
    </ClCompile>
    <ClCompile Include="..\..\libsrc\allegro\src\allegro.c">
      <Filter>Libs\allegro</Filter>
    </ClCompile>
    <ClCompile Include="..\..\libsrc\allegro\src\unicode.c">
      <Filter>Libs\allegro</Filter>
    </ClCompile>
    <ClCompile Include="..\..\libsrc\allegro\src\win\wfile.c">
      <Filter>Libs\allegro\win</Filter>
    </ClCompile>
    <ClCompile Include="..\..\libsrc\allegro\src\libc.c">
      <Filter>Libs\allegro</Filter>
    </ClCompile>
    <ClCompile Include="..\..\Common\util\path_ex.cpp">
      <Filter>Common</Filter>
    </ClCompile>
  </ItemGroup>
  <ItemGroup>
    <Filter Include="Common">
      <UniqueIdentifier>{88015868-6082-4398-9983-3e62888bc4c6}</UniqueIdentifier>
    </Filter>
    <Filter Include="Test">
      <UniqueIdentifier>{76aa8a6f-9262-4388-87ec-0049ffd7332f}</UniqueIdentifier>
    </Filter>
    <Filter Include="Libs">
      <UniqueIdentifier>{e487ab81-e22c-4e9d-9917-ba8927e08216}</UniqueIdentifier>
    </Filter>
    <Filter Include="Libs\allegro">
      <UniqueIdentifier>{e70feea7-e6e2-4632-9434-da2bce15dda9}</UniqueIdentifier>
    </Filter>
    <Filter Include="Libs\allegro\win">
      <UniqueIdentifier>{f310cba0-f6de-4414-a0db-89378785652e}</UniqueIdentifier>
    </Filter>
  </ItemGroup>
  <ItemGroup>
    <ClInclude Include="..\..\Common\util\string.h">
      <Filter>Common</Filter>
    </ClInclude>
    <ClInclude Include="..\..\Common\util\string_compat.h">
      <Filter>Common</Filter>
    </ClInclude>
    <ClInclude Include="..\..\Common\util\stream.h">
      <Filter>Common</Filter>
    </ClInclude>
    <ClInclude Include="..\..\Common\util\math.h">
      <Filter>Common</Filter>
    </ClInclude>
    <ClInclude Include="..\..\Common\util\memory.h">
      <Filter>Common</Filter>
    </ClInclude>
    <ClInclude Include="..\..\Common\util\version.h">
      <Filter>Common</Filter>
    </ClInclude>
    <ClInclude Include="..\..\Common\gfx\gfx_def.h">
      <Filter>Common</Filter>
    </ClInclude>
    <ClInclude Include="..\..\Common\util\cmdlineopts.h">
      <Filter>Common</Filter>
    </ClInclude>
    <ClInclude Include="..\..\Common\util\memorystream.h">
      <Filter>Common</Filter>
    </ClInclude>
    <ClInclude Include="..\..\Common\util\datastream.h">
      <Filter>Common</Filter>
    </ClInclude>
    <ClInclude Include="..\..\Common\util\string_utils.h">
      <Filter>Common</Filter>
    </ClInclude>
    <ClInclude Include="..\..\Common\util\ini_util.h">
      <Filter>Common</Filter>
    </ClInclude>
    <ClInclude Include="..\..\Common\util\inifile.h">
      <Filter>Common</Filter>
    </ClInclude>
    <ClInclude Include="..\..\Common\util\textstreamreader.h">
      <Filter>Common</Filter>
    </ClInclude>
    <ClInclude Include="..\..\Common\util\textstreamwriter.h">
      <Filter>Common</Filter>
    </ClInclude>
    <ClInclude Include="..\..\Common\util\filestream.h">
      <Filter>Common</Filter>
    </ClInclude>
    <ClInclude Include="..\..\Common\util\bufferedstream.h">
      <Filter>Common</Filter>
    </ClInclude>
    <ClInclude Include="..\..\Common\util\stdio_compat.h">
      <Filter>Common</Filter>
    </ClInclude>
    <ClInclude Include="..\..\Common\util\file.h">
      <Filter>Common</Filter>
    </ClInclude>
    <ClInclude Include="..\..\Common\util\path.h">
      <Filter>Common</Filter>
    </ClInclude>
  </ItemGroup>
</Project>