<?xml version="1.0" encoding="utf-8"?>
<Project ToolsVersion="4.0" xmlns="http://schemas.microsoft.com/developer/msbuild/2003">
  <ItemGroup>
    <Filter Include="data">
      <UniqueIdentifier>{cb3074be-de5c-4079-9eeb-5242153e46e7}</UniqueIdentifier>
    </Filter>
    <Filter Include="Common">
      <UniqueIdentifier>{53274d39-3a3b-466e-9fd6-5128aa4244ba}</UniqueIdentifier>
    </Filter>
    <Filter Include="Test">
      <UniqueIdentifier>{0a0795e8-40b6-4df9-a388-96ad54312216}</UniqueIdentifier>
    </Filter>
  </ItemGroup>
  <ItemGroup>
    <ClCompile Include="..\..\Tools\data\include_utils.cpp">
      <Filter>data</Filter>
    </ClCompile>
    <ClCompile Include="..\..\Common\util\file.cpp">
      <Filter>Common</Filter>
    </ClCompile>
    <ClCompile Include="..\..\Common\util\path.cpp">
      <Filter>Common</Filter>
    </ClCompile>
    <ClCompile Include="..\..\Common\util\stdio_compat.c">
      <Filter>Common</Filter>
    </ClCompile>
    <ClCompile Include="..\..\Common\util\string.cpp">
      <Filter>Common</Filter>
    </ClCompile>
    <ClCompile Include="..\..\Common\util\textstreamreader.cpp">
      <Filter>Common</Filter>
    </ClCompile>
    <ClCompile Include="..\..\Common\util\bufferedstream.cpp">
      <Filter>Common</Filter>
    </ClCompile>
    <ClCompile Include="..\..\Common\util\string_compat.c">
      <Filter>Common</Filter>
    </ClCompile>
    <ClCompile Include="..\..\Common\util\string_utils.cpp">
      <Filter>Common</Filter>
    </ClCompile>
    <ClCompile Include="..\..\Common\util\filestream.cpp">
      <Filter>Common</Filter>
    </ClCompile>
    <ClCompile Include="..\..\Common\util\stream.cpp">
      <Filter>Common</Filter>
    </ClCompile>
    <ClCompile Include="..\..\Tools\test\include_utils_test.cpp">
      <Filter>Test</Filter>
    </ClCompile>
    <ClCompile Include="..\..\Common\libsrc\googletest\src\gtest_main.cc">
      <Filter>Test</Filter>
    </ClCompile>
    <ClCompile Include="..\..\Common\libsrc\googletest\src\gtest-all.cc">
      <Filter>Test</Filter>
    </ClCompile>
  </ItemGroup>
  <ItemGroup>
    <ClInclude Include="..\..\Tools\data\include_utils.h">
      <Filter>data</Filter>
    </ClInclude>
    <ClInclude Include="..\..\Common\util\file.h">
      <Filter>Common</Filter>
    </ClInclude>
    <ClInclude Include="..\..\Common\util\path.h">
      <Filter>Common</Filter>
    </ClInclude>
    <ClInclude Include="..\..\Common\util\stdio_compat.h">
      <Filter>Common</Filter>
    </ClInclude>
    <ClInclude Include="..\..\Common\util\string.h">
      <Filter>Common</Filter>
    </ClInclude>
    <ClInclude Include="..\..\Common\util\textstreamreader.h">
      <Filter>Common</Filter>
    </ClInclude>
    <ClInclude Include="..\..\Common\util\bufferedstream.h">
      <Filter>Common</Filter>
    </ClInclude>
    <ClInclude Include="..\..\Common\util\string_compat.h">
      <Filter>Common</Filter>
    </ClInclude>
    <ClInclude Include="..\..\Common\util\string_utils.h">
      <Filter>Common</Filter>
    </ClInclude>
    <ClInclude Include="..\..\Common\util\filestream.h">
      <Filter>Common</Filter>
    </ClInclude>
    <ClInclude Include="..\..\Common\util\stream.h">
      <Filter>Common</Filter>
    </ClInclude>
  </ItemGroup>
</Project>