
Microsoft Visual Studio Solution File, Format Version 10.00
# Visual Studio 2008
Project("{8BC9CEB8-8B4A-11D0-8D11-00A0C91BC942}") = "acwin", "acwin.vcproj", "{0FAE0543-C09B-43CE-AEE1-D68FA8B33276}"
EndProject
Global
	GlobalSection(SolutionConfigurationPlatforms) = preSolution
		DebugWorking|Win32 = DebugWorking|Win32
		Release|Win32 = Release|Win32
		ReleaseNoMP3|Win32 = ReleaseNoMP3|Win32
	EndGlobalSection
	GlobalSection(ProjectConfigurationPlatforms) = postSolution
		{0FAE0543-C09B-43CE-AEE1-D68FA8B33276}.DebugWorking|Win32.ActiveCfg = DebugWorking|Win32
		{0FAE0543-C09B-43CE-AEE1-D68FA8B33276}.DebugWorking|Win32.Build.0 = DebugWorking|Win32
		{0FAE0543-C09B-43CE-AEE1-D68FA8B33276}.Release|Win32.ActiveCfg = Release|Win32
		{0FAE0543-C09B-43CE-AEE1-D68FA8B33276}.Release|Win32.Build.0 = Release|Win32
		{0FAE0543-C09B-43CE-AEE1-D68FA8B33276}.ReleaseNoMP3|Win32.ActiveCfg = ReleaseNoMP3|Win32
		{0FAE0543-C09B-43CE-AEE1-D68FA8B33276}.ReleaseNoMP3|Win32.Build.0 = ReleaseNoMP3|Win32
	EndGlobalSection
	GlobalSection(SolutionProperties) = preSolution
		HideSolutionNode = FALSE
	EndGlobalSection
EndGlobal
