// !$*UTF8*$!
{
	archiveVersion = 1;
	classes = {
	};
	objectVersion = 46;
	objects = {

/* Begin PBXBuildFile section */
		20E6850228F2202800B95C00 /* acsetup.cfg in Resources */ = {isa = PBXBuildFile; fileRef = 20E684FD28F2202700B95C00 /* acsetup.cfg */; };
		20E6850328F2202800B95C00 /* game.ags in Resources */ = {isa = PBXBuildFile; fileRef = 20E684FE28F2202700B95C00 /* game.ags */; };
		20E6850428F2202800B95C00 /* audio.vox in Resources */ = {isa = PBXBuildFile; fileRef = 20E684FF28F2202700B95C00 /* audio.vox */; };
		20E6850528F2202800B95C00 /* ags.icns in Resources */ = {isa = PBXBuildFile; fileRef = 20E6850028F2202800B95C00 /* ags.icns */; };
		20E6850628F2202800B95C00 /* speech.vox in Resources */ = {isa = PBXBuildFile; fileRef = 20E6850128F2202800B95C00 /* speech.vox */; };
		20E6855328F225F800B95C00 /* SDL2.framework in Frameworks */ = {isa = PBXBuildFile; fileRef = 20E6811C28F1CA1700B95C00 /* SDL2.framework */; };
		20E6855428F225F800B95C00 /* SDL2.framework in Copy Frameworks */ = {isa = PBXBuildFile; fileRef = 20E6811C28F1CA1700B95C00 /* SDL2.framework */; settings = {ATTRIBUTES = (RemoveHeadersOnCopy, ); }; };
		20E6855528F2260100B95C00 /* AGSKit.framework in Frameworks */ = {isa = PBXBuildFile; fileRef = 523AB9701D27DA40002B98F0 /* AGSKit.framework */; };
		20E6855628F2260100B95C00 /* AGSKit.framework in Copy Frameworks */ = {isa = PBXBuildFile; fileRef = 523AB9701D27DA40002B98F0 /* AGSKit.framework */; settings = {ATTRIBUTES = (RemoveHeadersOnCopy, ); }; };
		20E6855828F25AF000B95C00 /* AudioToolbox.framework in Frameworks */ = {isa = PBXBuildFile; fileRef = 20E6855728F25AF000B95C00 /* AudioToolbox.framework */; };
		20E6855A28F25AF800B95C00 /* AudioUnit.framework in Frameworks */ = {isa = PBXBuildFile; fileRef = 20E6855928F25AF800B95C00 /* AudioUnit.framework */; };
		20E6855C28F25B0500B95C00 /* CoreAudio.framework in Frameworks */ = {isa = PBXBuildFile; fileRef = 20E6855B28F25B0400B95C00 /* CoreAudio.framework */; };
		20E6856028F25B1D00B95C00 /* CoreVideo.framework in Frameworks */ = {isa = PBXBuildFile; fileRef = 20E6855F28F25B1D00B95C00 /* CoreVideo.framework */; };
		20E6856128F25B2600B95C00 /* IOKit.framework in Frameworks */ = {isa = PBXBuildFile; fileRef = 20E6855D28F25B1300B95C00 /* IOKit.framework */; };
		20E6856328F25B3000B95C00 /* OpenGL.framework in Frameworks */ = {isa = PBXBuildFile; fileRef = 20E6856228F25B2F00B95C00 /* OpenGL.framework */; };
		20E6856528F25B3700B95C00 /* AppKit.framework in Frameworks */ = {isa = PBXBuildFile; fileRef = 20E6856428F25B3700B95C00 /* AppKit.framework */; };
		20E6856728F25B3F00B95C00 /* Cocoa.framework in Frameworks */ = {isa = PBXBuildFile; fileRef = 20E6856628F25B3E00B95C00 /* Cocoa.framework */; };
		20E6856928F25B5F00B95C00 /* libz.1.tbd in Frameworks */ = {isa = PBXBuildFile; fileRef = 20E6856828F25B5400B95C00 /* libz.1.tbd */; };
		20E6856F28F25E5B00B95C00 /* libbz2.1.0.tbd in Frameworks */ = {isa = PBXBuildFile; fileRef = 20E6856E28F25E5B00B95C00 /* libbz2.1.0.tbd */; };
		52C5BFB41D277B98001E3B10 /* plugin_registration.cpp in Sources */ = {isa = PBXBuildFile; fileRef = 52C5BFB21D277B98001E3B10 /* plugin_registration.cpp */; };
/* End PBXBuildFile section */

/* Begin PBXCopyFilesBuildPhase section */
		DBCDB734180EDC2A00FF80B1 /* Copy Frameworks */ = {
			isa = PBXCopyFilesBuildPhase;
			buildActionMask = 2147483647;
			dstPath = "";
			dstSubfolderSpec = 10;
			files = (
				20E6855428F225F800B95C00 /* SDL2.framework in Copy Frameworks */,
				20E6855628F2260100B95C00 /* AGSKit.framework in Copy Frameworks */,
			);
			name = "Copy Frameworks";
			runOnlyForDeploymentPostprocessing = 0;
		};
/* End PBXCopyFilesBuildPhase section */

/* Begin PBXFileReference section */
		1D6058910D05DD3D006BFB54 /* AGS.app */ = {isa = PBXFileReference; explicitFileType = wrapper.application; includeInIndex = 0; path = AGS.app; sourceTree = BUILT_PRODUCTS_DIR; };
		20C76AB428F3488300772CFC /* ags.entitlements */ = {isa = PBXFileReference; lastKnownFileType = text.plist.entitlements; path = ags.entitlements; sourceTree = "<group>"; };
		20E6811C28F1CA1700B95C00 /* SDL2.framework */ = {isa = PBXFileReference; lastKnownFileType = wrapper.framework; name = SDL2.framework; path = ../AGSKit/SDL2.framework; sourceTree = "<group>"; };
		20E684FD28F2202700B95C00 /* acsetup.cfg */ = {isa = PBXFileReference; fileEncoding = 4; lastKnownFileType = text; name = acsetup.cfg; path = ../../Resources/acsetup.cfg; sourceTree = "<group>"; };
		20E684FE28F2202700B95C00 /* game.ags */ = {isa = PBXFileReference; fileEncoding = 4; lastKnownFileType = text; name = game.ags; path = ../../Resources/game.ags; sourceTree = "<group>"; };
		20E684FF28F2202700B95C00 /* audio.vox */ = {isa = PBXFileReference; fileEncoding = 4; lastKnownFileType = text; name = audio.vox; path = ../../Resources/audio.vox; sourceTree = "<group>"; };
		20E6850028F2202800B95C00 /* ags.icns */ = {isa = PBXFileReference; lastKnownFileType = image.icns; name = ags.icns; path = ../../Resources/ags.icns; sourceTree = "<group>"; };
		20E6850128F2202800B95C00 /* speech.vox */ = {isa = PBXFileReference; fileEncoding = 4; lastKnownFileType = text; name = speech.vox; path = ../../Resources/speech.vox; sourceTree = "<group>"; };
		20E6855728F25AF000B95C00 /* AudioToolbox.framework */ = {isa = PBXFileReference; lastKnownFileType = wrapper.framework; name = AudioToolbox.framework; path = System/Library/Frameworks/AudioToolbox.framework; sourceTree = SDKROOT; };
		20E6855928F25AF800B95C00 /* AudioUnit.framework */ = {isa = PBXFileReference; lastKnownFileType = wrapper.framework; name = AudioUnit.framework; path = System/Library/Frameworks/AudioUnit.framework; sourceTree = SDKROOT; };
		20E6855B28F25B0400B95C00 /* CoreAudio.framework */ = {isa = PBXFileReference; lastKnownFileType = wrapper.framework; name = CoreAudio.framework; path = System/Library/Frameworks/CoreAudio.framework; sourceTree = SDKROOT; };
		20E6855D28F25B1300B95C00 /* IOKit.framework */ = {isa = PBXFileReference; lastKnownFileType = wrapper.framework; name = IOKit.framework; path = System/Library/Frameworks/IOKit.framework; sourceTree = SDKROOT; };
		20E6855F28F25B1D00B95C00 /* CoreVideo.framework */ = {isa = PBXFileReference; lastKnownFileType = wrapper.framework; name = CoreVideo.framework; path = System/Library/Frameworks/CoreVideo.framework; sourceTree = SDKROOT; };
		20E6856228F25B2F00B95C00 /* OpenGL.framework */ = {isa = PBXFileReference; lastKnownFileType = wrapper.framework; name = OpenGL.framework; path = System/Library/Frameworks/OpenGL.framework; sourceTree = SDKROOT; };
		20E6856428F25B3700B95C00 /* AppKit.framework */ = {isa = PBXFileReference; lastKnownFileType = wrapper.framework; name = AppKit.framework; path = System/Library/Frameworks/AppKit.framework; sourceTree = SDKROOT; };
		20E6856628F25B3E00B95C00 /* Cocoa.framework */ = {isa = PBXFileReference; lastKnownFileType = wrapper.framework; name = Cocoa.framework; path = System/Library/Frameworks/Cocoa.framework; sourceTree = SDKROOT; };
		20E6856828F25B5400B95C00 /* libz.1.tbd */ = {isa = PBXFileReference; lastKnownFileType = "sourcecode.text-based-dylib-definition"; name = libz.1.tbd; path = usr/lib/libz.1.tbd; sourceTree = SDKROOT; };
		20E6856E28F25E5B00B95C00 /* libbz2.1.0.tbd */ = {isa = PBXFileReference; lastKnownFileType = "sourcecode.text-based-dylib-definition"; name = libbz2.1.0.tbd; path = usr/lib/libbz2.1.0.tbd; sourceTree = SDKROOT; };
		32CA4F630368D1EE00C91783 /* ags_Prefix.pch */ = {isa = PBXFileReference; fileEncoding = 4; lastKnownFileType = sourcecode.c.h; path = ags_Prefix.pch; sourceTree = "<group>"; };
		523AB9701D27DA40002B98F0 /* AGSKit.framework */ = {isa = PBXFileReference; lastKnownFileType = wrapper.framework; path = AGSKit.framework; sourceTree = BUILT_PRODUCTS_DIR; };
		52C5BFB21D277B98001E3B10 /* plugin_registration.cpp */ = {isa = PBXFileReference; fileEncoding = 4; lastKnownFileType = sourcecode.cpp.cpp; path = plugin_registration.cpp; sourceTree = "<group>"; };
		52C5BFB31D277B98001E3B10 /* plugin_registration.hpp */ = {isa = PBXFileReference; fileEncoding = 4; lastKnownFileType = sourcecode.cpp.h; path = plugin_registration.hpp; sourceTree = "<group>"; };
		8D1107310486CEB800E47090 /* ags-Info.plist */ = {isa = PBXFileReference; fileEncoding = 4; lastKnownFileType = text.plist.xml; path = "ags-Info.plist"; plistStructureDefinitionIdentifier = "com.apple.xcode.plist.structure-definition.iphone.info-plist"; sourceTree = "<group>"; };
/* End PBXFileReference section */

/* Begin PBXFrameworksBuildPhase section */
		1D60588F0D05DD3D006BFB54 /* Frameworks */ = {
			isa = PBXFrameworksBuildPhase;
			buildActionMask = 2147483647;
			files = (
				20E6856928F25B5F00B95C00 /* libz.1.tbd in Frameworks */,
				20E6856328F25B3000B95C00 /* OpenGL.framework in Frameworks */,
				20E6856F28F25E5B00B95C00 /* libbz2.1.0.tbd in Frameworks */,
				20E6856028F25B1D00B95C00 /* CoreVideo.framework in Frameworks */,
				20E6855528F2260100B95C00 /* AGSKit.framework in Frameworks */,
				20E6855A28F25AF800B95C00 /* AudioUnit.framework in Frameworks */,
				20E6856728F25B3F00B95C00 /* Cocoa.framework in Frameworks */,
				20E6856128F25B2600B95C00 /* IOKit.framework in Frameworks */,
				20E6855328F225F800B95C00 /* SDL2.framework in Frameworks */,
				20E6855C28F25B0500B95C00 /* CoreAudio.framework in Frameworks */,
				20E6856528F25B3700B95C00 /* AppKit.framework in Frameworks */,
				20E6855828F25AF000B95C00 /* AudioToolbox.framework in Frameworks */,
			);
			runOnlyForDeploymentPostprocessing = 0;
		};
/* End PBXFrameworksBuildPhase section */

/* Begin PBXGroup section */
		080E96DDFE201D6D7F000001 /* Classes */ = {
			isa = PBXGroup;
			children = (
			);
			path = Classes;
			sourceTree = "<group>";
		};
		19C28FACFE9D520D11CA2CBB /* Products */ = {
			isa = PBXGroup;
			children = (
				1D6058910D05DD3D006BFB54 /* AGS.app */,
			);
			name = Products;
			sourceTree = "<group>";
		};
		29B97314FDCFA39411CA2CEA /* CustomTemplate */ = {
			isa = PBXGroup;
			children = (
				20C76AB428F3488300772CFC /* ags.entitlements */,
				52C5BFB21D277B98001E3B10 /* plugin_registration.cpp */,
				52C5BFB31D277B98001E3B10 /* plugin_registration.hpp */,
				080E96DDFE201D6D7F000001 /* Classes */,
				29B97315FDCFA39411CA2CEA /* Other Sources */,
				29B97317FDCFA39411CA2CEA /* Resources */,
				29B97323FDCFA39411CA2CEA /* Frameworks */,
				19C28FACFE9D520D11CA2CBB /* Products */,
			);
			indentWidth = 2;
			name = CustomTemplate;
			sourceTree = "<group>";
			tabWidth = 2;
		};
		29B97315FDCFA39411CA2CEA /* Other Sources */ = {
			isa = PBXGroup;
			children = (
				32CA4F630368D1EE00C91783 /* ags_Prefix.pch */,
			);
			name = "Other Sources";
			sourceTree = "<group>";
		};
		29B97317FDCFA39411CA2CEA /* Resources */ = {
			isa = PBXGroup;
			children = (
				20E684FD28F2202700B95C00 /* acsetup.cfg */,
				20E6850028F2202800B95C00 /* ags.icns */,
				20E684FF28F2202700B95C00 /* audio.vox */,
				20E684FE28F2202700B95C00 /* game.ags */,
				20E6850128F2202800B95C00 /* speech.vox */,
				8D1107310486CEB800E47090 /* ags-Info.plist */,
			);
			name = Resources;
			sourceTree = "<group>";
		};
		29B97323FDCFA39411CA2CEA /* Frameworks */ = {
			isa = PBXGroup;
			children = (
				20E6856E28F25E5B00B95C00 /* libbz2.1.0.tbd */,
				20E6856828F25B5400B95C00 /* libz.1.tbd */,
				20E6856628F25B3E00B95C00 /* Cocoa.framework */,
				20E6856428F25B3700B95C00 /* AppKit.framework */,
				20E6856228F25B2F00B95C00 /* OpenGL.framework */,
				20E6855F28F25B1D00B95C00 /* CoreVideo.framework */,
				20E6855D28F25B1300B95C00 /* IOKit.framework */,
				20E6855B28F25B0400B95C00 /* CoreAudio.framework */,
				20E6855928F25AF800B95C00 /* AudioUnit.framework */,
				20E6855728F25AF000B95C00 /* AudioToolbox.framework */,
				20E6811C28F1CA1700B95C00 /* SDL2.framework */,
				523AB9701D27DA40002B98F0 /* AGSKit.framework */,
			);
			name = Frameworks;
			sourceTree = "<group>";
		};
/* End PBXGroup section */

/* Begin PBXNativeTarget section */
		1D6058900D05DD3D006BFB54 /* ags */ = {
			isa = PBXNativeTarget;
			buildConfigurationList = 1D6058960D05DD3E006BFB54 /* Build configuration list for PBXNativeTarget "ags" */;
			buildPhases = (
				1D60588D0D05DD3D006BFB54 /* Resources */,
				1D60588E0D05DD3D006BFB54 /* Sources */,
				1D60588F0D05DD3D006BFB54 /* Frameworks */,
				DBCDB734180EDC2A00FF80B1 /* Copy Frameworks */,
			);
			buildRules = (
			);
			dependencies = (
			);
			name = ags;
			productName = ags;
			productReference = 1D6058910D05DD3D006BFB54 /* AGS.app */;
			productType = "com.apple.product-type.application";
		};
/* End PBXNativeTarget section */

/* Begin PBXProject section */
		29B97313FDCFA39411CA2CEA /* Project object */ = {
			isa = PBXProject;
			attributes = {
				LastUpgradeCheck = 1400;
			};
			buildConfigurationList = C01FCF4E08A954540054247B /* Build configuration list for PBXProject "ags" */;
			compatibilityVersion = "Xcode 3.2";
			developmentRegion = English;
			hasScannedForEncodings = 1;
			knownRegions = (
				English,
				Japanese,
				French,
				German,
				en,
				Base,
			);
			mainGroup = 29B97314FDCFA39411CA2CEA /* CustomTemplate */;
			projectDirPath = "";
			projectRoot = "";
			targets = (
				1D6058900D05DD3D006BFB54 /* ags */,
			);
		};
/* End PBXProject section */

/* Begin PBXResourcesBuildPhase section */
		1D60588D0D05DD3D006BFB54 /* Resources */ = {
			isa = PBXResourcesBuildPhase;
			buildActionMask = 2147483647;
			files = (
				20E6850428F2202800B95C00 /* audio.vox in Resources */,
				20E6850628F2202800B95C00 /* speech.vox in Resources */,
				20E6850328F2202800B95C00 /* game.ags in Resources */,
				20E6850228F2202800B95C00 /* acsetup.cfg in Resources */,
				20E6850528F2202800B95C00 /* ags.icns in Resources */,
			);
			runOnlyForDeploymentPostprocessing = 0;
		};
/* End PBXResourcesBuildPhase section */

/* Begin PBXSourcesBuildPhase section */
		1D60588E0D05DD3D006BFB54 /* Sources */ = {
			isa = PBXSourcesBuildPhase;
			buildActionMask = 2147483647;
			files = (
				52C5BFB41D277B98001E3B10 /* plugin_registration.cpp in Sources */,
			);
			runOnlyForDeploymentPostprocessing = 0;
		};
/* End PBXSourcesBuildPhase section */

/* Begin XCBuildConfiguration section */
		1D6058940D05DD3E006BFB54 /* Debug */ = {
			isa = XCBuildConfiguration;
			buildSettings = {
				ALWAYS_SEARCH_USER_PATHS = NO;
				ASSETCATALOG_COMPILER_APPICON_NAME = AppIcon;
				CLANG_ENABLE_OBJC_WEAK = YES;
				CODE_SIGN_ENTITLEMENTS = ags.entitlements;
				CODE_SIGN_IDENTITY = "-";
				COMBINE_HIDPI_IMAGES = YES;
				DEAD_CODE_STRIPPING = YES;
				"DEVELOPMENT_TEAM[sdk=macosx*]" = "";
				ENABLE_HARDENED_RUNTIME = YES;
				FRAMEWORK_SEARCH_PATHS = "${SOURCE_ROOT}/../AGSKit";
				GCC_DYNAMIC_NO_PIC = NO;
				GCC_PRECOMPILE_PREFIX_HEADER = YES;
				GCC_PREFIX_HEADER = ags_Prefix.pch;
				GCC_PREPROCESSOR_DEFINITIONS = (
					DISABLE_MPEG_AUDIO,
					AGS_INVERTED_COLOR_ORDER,
					MAC_VERSION,
					BUILTIN_PLUGINS,
					DEBUG,
					ZLIB_DEBUG,
				);
				INFOPLIST_FILE = "ags-Info.plist";
				LD_RUNPATH_SEARCH_PATHS = "@executable_path/../Frameworks";
				MACOSX_DEPLOYMENT_TARGET = 10.9;
				PRODUCT_BUNDLE_IDENTIFIER = "uk.co.adventuregamestudio.${PRODUCT_NAME:rfc1034identifier}";
				PRODUCT_NAME = AGS;
				"PROVISIONING_PROFILE_SPECIFIER[sdk=macosx*]" = "";
			};
			name = Debug;
		};
		1D6058950D05DD3E006BFB54 /* Release */ = {
			isa = XCBuildConfiguration;
			buildSettings = {
				ALWAYS_SEARCH_USER_PATHS = NO;
				ASSETCATALOG_COMPILER_APPICON_NAME = AppIcon;
				CLANG_ENABLE_OBJC_WEAK = YES;
				CODE_SIGN_ENTITLEMENTS = ags.entitlements;
				CODE_SIGN_IDENTITY = "-";
				COMBINE_HIDPI_IMAGES = YES;
				DEAD_CODE_STRIPPING = YES;
				"DEVELOPMENT_TEAM[sdk=macosx*]" = "";
				ENABLE_HARDENED_RUNTIME = YES;
				FRAMEWORK_SEARCH_PATHS = "${SOURCE_ROOT}/../AGSKit";
				GCC_PRECOMPILE_PREFIX_HEADER = YES;
				GCC_PREFIX_HEADER = ags_Prefix.pch;
				INFOPLIST_FILE = "ags-Info.plist";
				LD_RUNPATH_SEARCH_PATHS = "@executable_path/../Frameworks";
				MACOSX_DEPLOYMENT_TARGET = 10.9;
				PRODUCT_BUNDLE_IDENTIFIER = "uk.co.adventuregamestudio.${PRODUCT_NAME:rfc1034identifier}";
				PRODUCT_NAME = AGS;
				"PROVISIONING_PROFILE_SPECIFIER[sdk=macosx*]" = "";
			};
			name = Release;
		};
		C01FCF4F08A954540054247B /* Debug */ = {
			isa = XCBuildConfiguration;
			buildSettings = {
				ALWAYS_SEARCH_USER_PATHS = NO;
				CLANG_ANALYZER_LOCALIZABILITY_NONLOCALIZED = YES;
				CLANG_CXX_LANGUAGE_STANDARD = "gnu++0x";
				CLANG_CXX_LIBRARY = "libc++";
				CLANG_WARN_BLOCK_CAPTURE_AUTORELEASING = YES;
				CLANG_WARN_BOOL_CONVERSION = YES;
				CLANG_WARN_COMMA = YES;
				CLANG_WARN_CONSTANT_CONVERSION = YES;
				CLANG_WARN_DEPRECATED_OBJC_IMPLEMENTATIONS = YES;
				CLANG_WARN_DIRECT_OBJC_ISA_USAGE = YES_ERROR;
				CLANG_WARN_EMPTY_BODY = YES;
				CLANG_WARN_ENUM_CONVERSION = YES;
				CLANG_WARN_INFINITE_RECURSION = YES;
				CLANG_WARN_INT_CONVERSION = YES;
				CLANG_WARN_NON_LITERAL_NULL_CONVERSION = YES;
				CLANG_WARN_OBJC_IMPLICIT_RETAIN_SELF = YES;
				CLANG_WARN_OBJC_LITERAL_CONVERSION = YES;
				CLANG_WARN_OBJC_ROOT_CLASS = YES_ERROR;
				CLANG_WARN_QUOTED_INCLUDE_IN_FRAMEWORK_HEADER = YES;
				CLANG_WARN_RANGE_LOOP_ANALYSIS = YES;
				CLANG_WARN_STRICT_PROTOTYPES = YES;
				CLANG_WARN_SUSPICIOUS_MOVE = YES;
				CLANG_WARN_UNREACHABLE_CODE = YES;
				CLANG_WARN__DUPLICATE_METHOD_MATCH = YES;
				DEAD_CODE_STRIPPING = YES;
				DEBUG_INFORMATION_FORMAT = dwarf;
				ENABLE_STRICT_OBJC_MSGSEND = YES;
				ENABLE_TESTABILITY = YES;
				GCC_C_LANGUAGE_STANDARD = gnu11;
				GCC_NO_COMMON_BLOCKS = YES;
				GCC_OPTIMIZATION_LEVEL = 0;
				GCC_PREPROCESSOR_DEFINITIONS = (
					DISABLE_MPEG_AUDIO,
					AGS_INVERTED_COLOR_ORDER,
					MAC_VERSION,
					BUILTIN_PLUGINS,
					DEBUG,
					ZLIB_DEBUG,
				);
				GCC_WARN_64_TO_32_BIT_CONVERSION = YES;
				GCC_WARN_ABOUT_RETURN_TYPE = YES_ERROR;
				GCC_WARN_UNDECLARED_SELECTOR = YES;
				GCC_WARN_UNINITIALIZED_AUTOS = YES_AGGRESSIVE;
				GCC_WARN_UNUSED_FUNCTION = YES;
				GCC_WARN_UNUSED_VARIABLE = YES;
				MACOSX_DEPLOYMENT_TARGET = 10.7;
				ONLY_ACTIVE_ARCH = YES;
				SDKROOT = macosx;
				USER_HEADER_SEARCH_PATHS = "${SOURCE_ROOT}/../../../Plugins ${SOURCE_ROOT}/../../../Common ${SOURCE_ROOT}/../../../Common/libinclude ${SOURCE_ROOT}/../../../Engine";
			};
			name = Debug;
		};
		C01FCF5008A954540054247B /* Release */ = {
			isa = XCBuildConfiguration;
			buildSettings = {
				ALWAYS_SEARCH_USER_PATHS = NO;
				CLANG_ANALYZER_LOCALIZABILITY_NONLOCALIZED = YES;
				CLANG_CXX_LANGUAGE_STANDARD = "gnu++0x";
				CLANG_CXX_LIBRARY = "libc++";
				CLANG_WARN_BLOCK_CAPTURE_AUTORELEASING = YES;
				CLANG_WARN_BOOL_CONVERSION = YES;
				CLANG_WARN_COMMA = YES;
				CLANG_WARN_CONSTANT_CONVERSION = YES;
				CLANG_WARN_DEPRECATED_OBJC_IMPLEMENTATIONS = YES;
				CLANG_WARN_DIRECT_OBJC_ISA_USAGE = YES_ERROR;
				CLANG_WARN_EMPTY_BODY = YES;
				CLANG_WARN_ENUM_CONVERSION = YES;
				CLANG_WARN_INFINITE_RECURSION = YES;
				CLANG_WARN_INT_CONVERSION = YES;
				CLANG_WARN_NON_LITERAL_NULL_CONVERSION = YES;
				CLANG_WARN_OBJC_IMPLICIT_RETAIN_SELF = YES;
				CLANG_WARN_OBJC_LITERAL_CONVERSION = YES;
				CLANG_WARN_OBJC_ROOT_CLASS = YES_ERROR;
				CLANG_WARN_QUOTED_INCLUDE_IN_FRAMEWORK_HEADER = YES;
				CLANG_WARN_RANGE_LOOP_ANALYSIS = YES;
				CLANG_WARN_STRICT_PROTOTYPES = YES;
				CLANG_WARN_SUSPICIOUS_MOVE = YES;
				CLANG_WARN_UNREACHABLE_CODE = YES;
				CLANG_WARN__DUPLICATE_METHOD_MATCH = YES;
				DEAD_CODE_STRIPPING = YES;
				DEBUG_INFORMATION_FORMAT = "dwarf-with-dsym";
				ENABLE_NS_ASSERTIONS = NO;
				ENABLE_STRICT_OBJC_MSGSEND = YES;
				GCC_C_LANGUAGE_STANDARD = gnu11;
				GCC_NO_COMMON_BLOCKS = YES;
				GCC_PREPROCESSOR_DEFINITIONS = (
					DISABLE_MPEG_AUDIO,
					AGS_INVERTED_COLOR_ORDER,
					MAC_VERSION,
					BUILTIN_PLUGINS,
				);
				GCC_WARN_64_TO_32_BIT_CONVERSION = YES;
				GCC_WARN_ABOUT_RETURN_TYPE = YES_ERROR;
				GCC_WARN_UNDECLARED_SELECTOR = YES;
				GCC_WARN_UNINITIALIZED_AUTOS = YES_AGGRESSIVE;
				GCC_WARN_UNUSED_FUNCTION = YES;
				GCC_WARN_UNUSED_VARIABLE = YES;
				MACOSX_DEPLOYMENT_TARGET = 10.7;
				OTHER_CFLAGS = "-DNS_BLOCK_ASSERTIONS=1";
				OTHER_CPLUSPLUSFLAGS = "$(OTHER_CFLAGS)";
				SDKROOT = macosx;
				USER_HEADER_SEARCH_PATHS = "${SOURCE_ROOT}/../../../Plugins ${SOURCE_ROOT}/../../../Common ${SOURCE_ROOT}/../../../Common/libinclude ${SOURCE_ROOT}/../../../Engine";
			};
			name = Release;
		};
/* End XCBuildConfiguration section */

/* Begin XCConfigurationList section */
		1D6058960D05DD3E006BFB54 /* Build configuration list for PBXNativeTarget "ags" */ = {
			isa = XCConfigurationList;
			buildConfigurations = (
				1D6058940D05DD3E006BFB54 /* Debug */,
				1D6058950D05DD3E006BFB54 /* Release */,
			);
			defaultConfigurationIsVisible = 0;
			defaultConfigurationName = Release;
		};
		C01FCF4E08A954540054247B /* Build configuration list for PBXProject "ags" */ = {
			isa = XCConfigurationList;
			buildConfigurations = (
				C01FCF4F08A954540054247B /* Debug */,
				C01FCF5008A954540054247B /* Release */,
			);
			defaultConfigurationIsVisible = 0;
			defaultConfigurationName = Release;
		};
/* End XCConfigurationList section */
	};
	rootObject = 29B97313FDCFA39411CA2CEA /* Project object */;
}
