
Microsoft Visual Studio Solution File, Format Version 10.00
# Visual Studio 2008
Project("{FAE04EC0-301F-11D3-BF4B-00C04F79EFBC}") = "AGSEditor", "AGS.Editor\AGSEditor.csproj", "{6C0D2BF2-2F34-42FF-8356-79254CCF3131}"
EndProject
Project("{FAE04EC0-301F-11D3-BF4B-00C04F79EFBC}") = "AGS.Types", "AGS.Types\AGS.Types.csproj", "{3EBBEDAB-214C-4201-BB5A-5152D56908DD}"
EndProject
Project("{FAE04EC0-301F-11D3-BF4B-00C04F79EFBC}") = "AGS.Controls", "AGS.Controls\AGS.Controls.csproj", "{D937E1F4-1B9F-4567-B28E-EED24AA31C9C}"
EndProject
Project("{FAE04EC0-301F-11D3-BF4B-00C04F79EFBC}") = "AGS.CScript.Compiler", "AGS.CScript.Compiler\AGS.CScript.Compiler.csproj", "{4771753A-641D-49B1-8096-0B431EAC413E}"
EndProject
Global
	GlobalSection(SourceCodeControl) = preSolution
		SccNumberOfProjects = 5
		SccProjectName0 = \u0022$/ags/netedit\u0022,\u0020WYAAAAAA
		SccLocalPath0 = .
		SccProvider0 = MSSCCI:Microsoft\u0020Visual\u0020SourceSafe
		SccProjectUniqueName1 = AGS.Controls\\AGS.Controls.csproj
		SccProjectName1 = \u0022$/ags/netedit/AGS.Controls\u0022,\u0020RECAAAAA
		SccLocalPath1 = AGS.Controls
		SccProjectUniqueName2 = AGS.Types\\AGS.Types.csproj
		SccProjectName2 = \u0022$/ags/netedit/AGS.Types\u0022,\u0020PYBAAAAA
		SccLocalPath2 = AGS.Types
		SccProjectUniqueName3 = AGS.Editor\\AGSEditor.csproj
		SccProjectName3 = \u0022$/ags/netedit/AGS.Editor\u0022,\u0020XYAAAAAA
		SccLocalPath3 = AGS.Editor
		SccProjectUniqueName4 = AGS.CScript.Compiler\\AGS.CScript.Compiler.csproj
		SccLocalPath4 = .
		SccProjectFilePathRelativizedFromConnection4 = AGS.CScript.Compiler\\
	EndGlobalSection
	GlobalSection(SolutionConfigurationPlatforms) = preSolution
		Debug|Any CPU = Debug|Any CPU
		Debug|Mixed Platforms = Debug|Mixed Platforms
		Debug|Win32 = Debug|Win32
		Release|Any CPU = Release|Any CPU
		Release|Mixed Platforms = Release|Mixed Platforms
		Release|Win32 = Release|Win32
	EndGlobalSection
	GlobalSection(ProjectConfigurationPlatforms) = postSolution
		{6C0D2BF2-2F34-42FF-8356-79254CCF3131}.Debug|Any CPU.ActiveCfg = Debug|Any CPU
		{6C0D2BF2-2F34-42FF-8356-79254CCF3131}.Debug|Any CPU.Build.0 = Debug|Any CPU
		{6C0D2BF2-2F34-42FF-8356-79254CCF3131}.Debug|Mixed Platforms.ActiveCfg = Debug|Any CPU
		{6C0D2BF2-2F34-42FF-8356-79254CCF3131}.Debug|Mixed Platforms.Build.0 = Debug|Any CPU
		{6C0D2BF2-2F34-42FF-8356-79254CCF3131}.Debug|Win32.ActiveCfg = Debug|Any CPU
		{6C0D2BF2-2F34-42FF-8356-79254CCF3131}.Release|Any CPU.ActiveCfg = Release|Any CPU
		{6C0D2BF2-2F34-42FF-8356-79254CCF3131}.Release|Any CPU.Build.0 = Release|Any CPU
		{6C0D2BF2-2F34-42FF-8356-79254CCF3131}.Release|Mixed Platforms.ActiveCfg = Release|Any CPU
		{6C0D2BF2-2F34-42FF-8356-79254CCF3131}.Release|Mixed Platforms.Build.0 = Release|Any CPU
		{6C0D2BF2-2F34-42FF-8356-79254CCF3131}.Release|Win32.ActiveCfg = Release|Any CPU
		{3EBBEDAB-214C-4201-BB5A-5152D56908DD}.Debug|Any CPU.ActiveCfg = Debug|Any CPU
		{3EBBEDAB-214C-4201-BB5A-5152D56908DD}.Debug|Any CPU.Build.0 = Debug|Any CPU
		{3EBBEDAB-214C-4201-BB5A-5152D56908DD}.Debug|Mixed Platforms.ActiveCfg = Debug|Any CPU
		{3EBBEDAB-214C-4201-BB5A-5152D56908DD}.Debug|Mixed Platforms.Build.0 = Debug|Any CPU
		{3EBBEDAB-214C-4201-BB5A-5152D56908DD}.Debug|Win32.ActiveCfg = Debug|Any CPU
		{3EBBEDAB-214C-4201-BB5A-5152D56908DD}.Release|Any CPU.ActiveCfg = Release|Any CPU
		{3EBBEDAB-214C-4201-BB5A-5152D56908DD}.Release|Any CPU.Build.0 = Release|Any CPU
		{3EBBEDAB-214C-4201-BB5A-5152D56908DD}.Release|Mixed Platforms.ActiveCfg = Release|Any CPU
		{3EBBEDAB-214C-4201-BB5A-5152D56908DD}.Release|Mixed Platforms.Build.0 = Release|Any CPU
		{3EBBEDAB-214C-4201-BB5A-5152D56908DD}.Release|Win32.ActiveCfg = Release|Any CPU
		{D937E1F4-1B9F-4567-B28E-EED24AA31C9C}.Debug|Any CPU.ActiveCfg = Debug|Any CPU
		{D937E1F4-1B9F-4567-B28E-EED24AA31C9C}.Debug|Any CPU.Build.0 = Debug|Any CPU
		{D937E1F4-1B9F-4567-B28E-EED24AA31C9C}.Debug|Mixed Platforms.ActiveCfg = Debug|Any CPU
		{D937E1F4-1B9F-4567-B28E-EED24AA31C9C}.Debug|Mixed Platforms.Build.0 = Debug|Any CPU
		{D937E1F4-1B9F-4567-B28E-EED24AA31C9C}.Debug|Win32.ActiveCfg = Debug|Any CPU
		{D937E1F4-1B9F-4567-B28E-EED24AA31C9C}.Release|Any CPU.ActiveCfg = Release|Any CPU
		{D937E1F4-1B9F-4567-B28E-EED24AA31C9C}.Release|Any CPU.Build.0 = Release|Any CPU
		{D937E1F4-1B9F-4567-B28E-EED24AA31C9C}.Release|Mixed Platforms.ActiveCfg = Release|Any CPU
		{D937E1F4-1B9F-4567-B28E-EED24AA31C9C}.Release|Mixed Platforms.Build.0 = Release|Any CPU
		{D937E1F4-1B9F-4567-B28E-EED24AA31C9C}.Release|Win32.ActiveCfg = Release|Any CPU
		{4771753A-641D-49B1-8096-0B431EAC413E}.Debug|Any CPU.ActiveCfg = Debug|Any CPU
		{4771753A-641D-49B1-8096-0B431EAC413E}.Debug|Any CPU.Build.0 = Debug|Any CPU
		{4771753A-641D-49B1-8096-0B431EAC413E}.Debug|Mixed Platforms.ActiveCfg = Debug|Any CPU
		{4771753A-641D-49B1-8096-0B431EAC413E}.Debug|Mixed Platforms.Build.0 = Debug|Any CPU
		{4771753A-641D-49B1-8096-0B431EAC413E}.Debug|Win32.ActiveCfg = Debug|Any CPU
		{4771753A-641D-49B1-8096-0B431EAC413E}.Release|Any CPU.ActiveCfg = Release|Any CPU
		{4771753A-641D-49B1-8096-0B431EAC413E}.Release|Any CPU.Build.0 = Release|Any CPU
		{4771753A-641D-49B1-8096-0B431EAC413E}.Release|Mixed Platforms.ActiveCfg = Release|Any CPU
		{4771753A-641D-49B1-8096-0B431EAC413E}.Release|Mixed Platforms.Build.0 = Release|Any CPU
		{4771753A-641D-49B1-8096-0B431EAC413E}.Release|Win32.ActiveCfg = Release|Any CPU
	EndGlobalSection
	GlobalSection(SolutionProperties) = preSolution
		HideSolutionNode = FALSE
	EndGlobalSection
	GlobalSection(TextTemplating) = postSolution
		TextTemplating = 1
	EndGlobalSection
EndGlobal
