
Microsoft Visual Studio Solution File, Format Version 10.00
# Visual Studio 2008
Project("{FAE04EC0-301F-11D3-BF4B-00C04F79EFBC}") = "AGS.Controls", "..\Editor\AGS.Controls\AGS.Controls.csproj", "{D937E1F4-1B9F-4567-B28E-EED24AA31C9C}"
EndProject
Project("{FAE04EC0-301F-11D3-BF4B-00C04F79EFBC}") = "AGS.CScript.Compiler", "..\Editor\AGS.CScript.Compiler\AGS.CScript.Compiler.csproj", "{4771753A-641D-49B1-8096-0B431EAC413E}"
EndProject
Project("{8BC9CEB8-8B4A-11D0-8D11-00A0C91BC942}") = "AGS.Native", "..\Editor\AGS.Native\NativeDLL.vcproj", "{65A387AF-C78C-492B-AB93-E13C6090355D}"
	ProjectSection(ProjectDependencies) = postProject
		{463A715C-3EF3-47C7-AC7F-D97660149C49} = {463A715C-3EF3-47C7-AC7F-D97660149C49}
		{2F43F889-CAB4-4A00-8AA8-EC688C7124E1} = {2F43F889-CAB4-4A00-8AA8-EC688C7124E1}
		{7B621FC0-BFD0-40E4-800A-0CD5E5707532} = {7B621FC0-BFD0-40E4-800A-0CD5E5707532}
	EndProjectSection
EndProject
Project("{FAE04EC0-301F-11D3-BF4B-00C04F79EFBC}") = "AGS.Types", "..\Editor\AGS.Types\AGS.Types.csproj", "{3EBBEDAB-214C-4201-BB5A-5152D56908DD}"
EndProject
Project("{FAE04EC0-301F-11D3-BF4B-00C04F79EFBC}") = "AGSEditor", "..\Editor\AGS.Editor\AGSEditor.csproj", "{6C0D2BF2-2F34-42FF-8356-79254CCF3131}"
	ProjectSection(ProjectDependencies) = postProject
		{65A387AF-C78C-492B-AB93-E13C6090355D} = {65A387AF-C78C-492B-AB93-E13C6090355D}
	EndProjectSection
EndProject
Project("{FAE04EC0-301F-11D3-BF4B-00C04F79EFBC}") = "UpdateCPPVersion", "..\Editor\UpdateCPPVersion\UpdateCPPVersion.csproj", "{2F43F889-CAB4-4A00-8AA8-EC688C7124E1}"
EndProject
Project("{2150E333-8FDC-42A3-9474-1A3956D46DE8}") = "Native Libraries", "Native Libraries", "{AD076495-5CEC-4149-B448-0E24AF8B2C2E}"
EndProject
Project("{8BC9CEB8-8B4A-11D0-8D11-00A0C91BC942}") = "Common.Lib", "Common.Lib\Common.Lib.vcproj", "{463A715C-3EF3-47C7-AC7F-D97660149C49}"
EndProject
Project("{8BC9CEB8-8B4A-11D0-8D11-00A0C91BC942}") = "Compiler.Lib", "Compiler.Lib\Compiler.Lib.vcproj", "{7B621FC0-BFD0-40E4-800A-0CD5E5707532}"
EndProject
Global
	GlobalSection(SolutionConfigurationPlatforms) = preSolution
		Debug|Any CPU = Debug|Any CPU
		Debug|Mixed Platforms = Debug|Mixed Platforms
		Debug|Win32 = Debug|Win32
		Release|Any CPU = Release|Any CPU
		Release|Mixed Platforms = Release|Mixed Platforms
		Release|Win32 = Release|Win32
	EndGlobalSection
	GlobalSection(ProjectConfigurationPlatforms) = postSolution
		{D937E1F4-1B9F-4567-B28E-EED24AA31C9C}.Debug|Any CPU.ActiveCfg = Debug|Any CPU
		{D937E1F4-1B9F-4567-B28E-EED24AA31C9C}.Debug|Any CPU.Build.0 = Debug|Any CPU
		{D937E1F4-1B9F-4567-B28E-EED24AA31C9C}.Debug|Mixed Platforms.ActiveCfg = Debug|Any CPU
		{D937E1F4-1B9F-4567-B28E-EED24AA31C9C}.Debug|Mixed Platforms.Build.0 = Debug|Any CPU
		{D937E1F4-1B9F-4567-B28E-EED24AA31C9C}.Debug|Win32.ActiveCfg = Debug|Any CPU
		{D937E1F4-1B9F-4567-B28E-EED24AA31C9C}.Release|Any CPU.ActiveCfg = Release|Any CPU
		{D937E1F4-1B9F-4567-B28E-EED24AA31C9C}.Release|Any CPU.Build.0 = Release|Any CPU
		{D937E1F4-1B9F-4567-B28E-EED24AA31C9C}.Release|Mixed Platforms.ActiveCfg = Release|Any CPU
		{D937E1F4-1B9F-4567-B28E-EED24AA31C9C}.Release|Mixed Platforms.Build.0 = Release|Any CPU
		{D937E1F4-1B9F-4567-B28E-EED24AA31C9C}.Release|Win32.ActiveCfg = Release|Any CPU
		{4771753A-641D-49B1-8096-0B431EAC413E}.Debug|Any CPU.ActiveCfg = Debug|Any CPU
		{4771753A-641D-49B1-8096-0B431EAC413E}.Debug|Any CPU.Build.0 = Debug|Any CPU
		{4771753A-641D-49B1-8096-0B431EAC413E}.Debug|Mixed Platforms.ActiveCfg = Debug|Any CPU
		{4771753A-641D-49B1-8096-0B431EAC413E}.Debug|Mixed Platforms.Build.0 = Debug|Any CPU
		{4771753A-641D-49B1-8096-0B431EAC413E}.Debug|Win32.ActiveCfg = Debug|Any CPU
		{4771753A-641D-49B1-8096-0B431EAC413E}.Release|Any CPU.ActiveCfg = Release|Any CPU
		{4771753A-641D-49B1-8096-0B431EAC413E}.Release|Any CPU.Build.0 = Release|Any CPU
		{4771753A-641D-49B1-8096-0B431EAC413E}.Release|Mixed Platforms.ActiveCfg = Release|Any CPU
		{4771753A-641D-49B1-8096-0B431EAC413E}.Release|Mixed Platforms.Build.0 = Release|Any CPU
		{4771753A-641D-49B1-8096-0B431EAC413E}.Release|Win32.ActiveCfg = Release|Any CPU
		{65A387AF-C78C-492B-AB93-E13C6090355D}.Debug|Any CPU.ActiveCfg = Debug|Win32
		{65A387AF-C78C-492B-AB93-E13C6090355D}.Debug|Mixed Platforms.ActiveCfg = Debug|Win32
		{65A387AF-C78C-492B-AB93-E13C6090355D}.Debug|Mixed Platforms.Build.0 = Debug|Win32
		{65A387AF-C78C-492B-AB93-E13C6090355D}.Debug|Win32.ActiveCfg = Debug|Win32
		{65A387AF-C78C-492B-AB93-E13C6090355D}.Debug|Win32.Build.0 = Debug|Win32
		{65A387AF-C78C-492B-AB93-E13C6090355D}.Release|Any CPU.ActiveCfg = Release|Win32
		{65A387AF-C78C-492B-AB93-E13C6090355D}.Release|Mixed Platforms.ActiveCfg = Release|Win32
		{65A387AF-C78C-492B-AB93-E13C6090355D}.Release|Mixed Platforms.Build.0 = Release|Win32
		{65A387AF-C78C-492B-AB93-E13C6090355D}.Release|Win32.ActiveCfg = Release|Win32
		{65A387AF-C78C-492B-AB93-E13C6090355D}.Release|Win32.Build.0 = Release|Win32
		{3EBBEDAB-214C-4201-BB5A-5152D56908DD}.Debug|Any CPU.ActiveCfg = Debug|Any CPU
		{3EBBEDAB-214C-4201-BB5A-5152D56908DD}.Debug|Any CPU.Build.0 = Debug|Any CPU
		{3EBBEDAB-214C-4201-BB5A-5152D56908DD}.Debug|Mixed Platforms.ActiveCfg = Debug|Any CPU
		{3EBBEDAB-214C-4201-BB5A-5152D56908DD}.Debug|Mixed Platforms.Build.0 = Debug|Any CPU
		{3EBBEDAB-214C-4201-BB5A-5152D56908DD}.Debug|Win32.ActiveCfg = Debug|Any CPU
		{3EBBEDAB-214C-4201-BB5A-5152D56908DD}.Release|Any CPU.ActiveCfg = Release|Any CPU
		{3EBBEDAB-214C-4201-BB5A-5152D56908DD}.Release|Any CPU.Build.0 = Release|Any CPU
		{3EBBEDAB-214C-4201-BB5A-5152D56908DD}.Release|Mixed Platforms.ActiveCfg = Release|Any CPU
		{3EBBEDAB-214C-4201-BB5A-5152D56908DD}.Release|Mixed Platforms.Build.0 = Release|Any CPU
		{3EBBEDAB-214C-4201-BB5A-5152D56908DD}.Release|Win32.ActiveCfg = Release|Any CPU
		{6C0D2BF2-2F34-42FF-8356-79254CCF3131}.Debug|Any CPU.ActiveCfg = Debug|Any CPU
		{6C0D2BF2-2F34-42FF-8356-79254CCF3131}.Debug|Any CPU.Build.0 = Debug|Any CPU
		{6C0D2BF2-2F34-42FF-8356-79254CCF3131}.Debug|Mixed Platforms.ActiveCfg = Debug|Any CPU
		{6C0D2BF2-2F34-42FF-8356-79254CCF3131}.Debug|Mixed Platforms.Build.0 = Debug|Any CPU
		{6C0D2BF2-2F34-42FF-8356-79254CCF3131}.Debug|Win32.ActiveCfg = Debug|Any CPU
		{6C0D2BF2-2F34-42FF-8356-79254CCF3131}.Release|Any CPU.ActiveCfg = Release|Any CPU
		{6C0D2BF2-2F34-42FF-8356-79254CCF3131}.Release|Any CPU.Build.0 = Release|Any CPU
		{6C0D2BF2-2F34-42FF-8356-79254CCF3131}.Release|Mixed Platforms.ActiveCfg = Release|Any CPU
		{6C0D2BF2-2F34-42FF-8356-79254CCF3131}.Release|Mixed Platforms.Build.0 = Release|Any CPU
		{6C0D2BF2-2F34-42FF-8356-79254CCF3131}.Release|Win32.ActiveCfg = Release|Any CPU
		{2F43F889-CAB4-4A00-8AA8-EC688C7124E1}.Debug|Any CPU.ActiveCfg = Debug|Any CPU
		{2F43F889-CAB4-4A00-8AA8-EC688C7124E1}.Debug|Any CPU.Build.0 = Debug|Any CPU
		{2F43F889-CAB4-4A00-8AA8-EC688C7124E1}.Debug|Mixed Platforms.ActiveCfg = Debug|Any CPU
		{2F43F889-CAB4-4A00-8AA8-EC688C7124E1}.Debug|Mixed Platforms.Build.0 = Debug|Any CPU
		{2F43F889-CAB4-4A00-8AA8-EC688C7124E1}.Debug|Win32.ActiveCfg = Debug|Any CPU
		{2F43F889-CAB4-4A00-8AA8-EC688C7124E1}.Release|Any CPU.ActiveCfg = Release|Any CPU
		{2F43F889-CAB4-4A00-8AA8-EC688C7124E1}.Release|Any CPU.Build.0 = Release|Any CPU
		{2F43F889-CAB4-4A00-8AA8-EC688C7124E1}.Release|Mixed Platforms.ActiveCfg = Release|Any CPU
		{2F43F889-CAB4-4A00-8AA8-EC688C7124E1}.Release|Mixed Platforms.Build.0 = Release|Any CPU
		{2F43F889-CAB4-4A00-8AA8-EC688C7124E1}.Release|Win32.ActiveCfg = Release|Any CPU
		{463A715C-3EF3-47C7-AC7F-D97660149C49}.Debug|Any CPU.ActiveCfg = Debug|Win32
		{463A715C-3EF3-47C7-AC7F-D97660149C49}.Debug|Mixed Platforms.ActiveCfg = Debug|Win32
		{463A715C-3EF3-47C7-AC7F-D97660149C49}.Debug|Mixed Platforms.Build.0 = Debug|Win32
		{463A715C-3EF3-47C7-AC7F-D97660149C49}.Debug|Win32.ActiveCfg = Debug|Win32
		{463A715C-3EF3-47C7-AC7F-D97660149C49}.Debug|Win32.Build.0 = Debug|Win32
		{463A715C-3EF3-47C7-AC7F-D97660149C49}.Release|Any CPU.ActiveCfg = Release|Win32
		{463A715C-3EF3-47C7-AC7F-D97660149C49}.Release|Mixed Platforms.ActiveCfg = Release|Win32
		{463A715C-3EF3-47C7-AC7F-D97660149C49}.Release|Mixed Platforms.Build.0 = Release|Win32
		{463A715C-3EF3-47C7-AC7F-D97660149C49}.Release|Win32.ActiveCfg = Release|Win32
		{463A715C-3EF3-47C7-AC7F-D97660149C49}.Release|Win32.Build.0 = Release|Win32
		{7B621FC0-BFD0-40E4-800A-0CD5E5707532}.Debug|Any CPU.ActiveCfg = Debug|Win32
		{7B621FC0-BFD0-40E4-800A-0CD5E5707532}.Debug|Mixed Platforms.ActiveCfg = Debug|Win32
		{7B621FC0-BFD0-40E4-800A-0CD5E5707532}.Debug|Mixed Platforms.Build.0 = Debug|Win32
		{7B621FC0-BFD0-40E4-800A-0CD5E5707532}.Debug|Win32.ActiveCfg = Debug|Win32
		{7B621FC0-BFD0-40E4-800A-0CD5E5707532}.Debug|Win32.Build.0 = Debug|Win32
		{7B621FC0-BFD0-40E4-800A-0CD5E5707532}.Release|Any CPU.ActiveCfg = Release|Win32
		{7B621FC0-BFD0-40E4-800A-0CD5E5707532}.Release|Mixed Platforms.ActiveCfg = Release|Win32
		{7B621FC0-BFD0-40E4-800A-0CD5E5707532}.Release|Mixed Platforms.Build.0 = Release|Win32
		{7B621FC0-BFD0-40E4-800A-0CD5E5707532}.Release|Win32.ActiveCfg = Release|Win32
		{7B621FC0-BFD0-40E4-800A-0CD5E5707532}.Release|Win32.Build.0 = Release|Win32
	EndGlobalSection
	GlobalSection(SolutionProperties) = preSolution
		HideSolutionNode = FALSE
	EndGlobalSection
	GlobalSection(NestedProjects) = preSolution
		{463A715C-3EF3-47C7-AC7F-D97660149C49} = {AD076495-5CEC-4149-B448-0E24AF8B2C2E}
		{7B621FC0-BFD0-40E4-800A-0CD5E5707532} = {AD076495-5CEC-4149-B448-0E24AF8B2C2E}
	EndGlobalSection
	GlobalSection(TextTemplating) = postSolution
		TextTemplating = 1
	EndGlobalSection
EndGlobal
