
Microsoft Visual Studio Solution File, Format Version 10.00
# Visual Studio 2008
Project("{8BC9CEB8-8B4A-11D0-8D11-00A0C91BC942}") = "Common.Lib", "Common.Lib\Common.Lib.vcproj", "{463A715C-3EF3-47C7-AC7F-D97660149C49}"
EndProject
Project("{8BC9CEB8-8B4A-11D0-8D11-00A0C91BC942}") = "Engine.App", "Engine.App\Engine.App.vcproj", "{49A909AF-49F3-451D-B6DF-839159E54A01}"
	ProjectSection(ProjectDependencies) = postProject
		{463A715C-3EF3-47C7-AC7F-D97660149C49} = {463A715C-3EF3-47C7-AC7F-D97660149C49}
	EndProjectSection
EndProject
Project("{8BC9CEB8-8B4A-11D0-8D11-00A0C91BC942}") = "Compiler.Lib", "Compiler.Lib\Compiler.Lib.vcproj", "{7B621FC0-BFD0-40E4-800A-0CD5E5707532}"
EndProject
Global
	GlobalSection(SolutionConfigurationPlatforms) = preSolution
		Debug|Win32 = Debug|Win32
		Release|Win32 = Release|Win32
	EndGlobalSection
	GlobalSection(ProjectConfigurationPlatforms) = postSolution
		{463A715C-3EF3-47C7-AC7F-D97660149C49}.Debug|Win32.ActiveCfg = Debug|Win32
		{463A715C-3EF3-47C7-AC7F-D97660149C49}.Debug|Win32.Build.0 = Debug|Win32
		{463A715C-3EF3-47C7-AC7F-D97660149C49}.Release|Win32.ActiveCfg = Release|Win32
		{463A715C-3EF3-47C7-AC7F-D97660149C49}.Release|Win32.Build.0 = Release|Win32
		{49A909AF-49F3-451D-B6DF-839159E54A01}.Debug|Win32.ActiveCfg = Debug|Win32
		{49A909AF-49F3-451D-B6DF-839159E54A01}.Debug|Win32.Build.0 = Debug|Win32
		{49A909AF-49F3-451D-B6DF-839159E54A01}.Release|Win32.ActiveCfg = Release|Win32
		{49A909AF-49F3-451D-B6DF-839159E54A01}.Release|Win32.Build.0 = Release|Win32
		{7B621FC0-BFD0-40E4-800A-0CD5E5707532}.Debug|Win32.ActiveCfg = Debug|Win32
		{7B621FC0-BFD0-40E4-800A-0CD5E5707532}.Debug|Win32.Build.0 = Debug|Win32
		{7B621FC0-BFD0-40E4-800A-0CD5E5707532}.Release|Win32.ActiveCfg = Release|Win32
		{7B621FC0-BFD0-40E4-800A-0CD5E5707532}.Release|Win32.Build.0 = Release|Win32
	EndGlobalSection
	GlobalSection(SolutionProperties) = preSolution
		HideSolutionNode = FALSE
	EndGlobalSection
EndGlobal
