<?xml version="1.0" encoding="utf-8"?>
<Project ToolsVersion="4.0" xmlns="http://schemas.microsoft.com/developer/msbuild/2003">
  <ItemGroup>
    <Filter Include="Resource Files">
      <UniqueIdentifier>{67DA6AB6-F800-4c08-8B7A-83BB121AAD01}</UniqueIdentifier>
      <Extensions>rc;ico;cur;bmp;dlg;rc2;rct;bin;rgs;gif;jpg;jpeg;jpe;resx;tiff;tif;png;wav;mfcribbon-ms</Extensions>
    </Filter>
    <Filter Include="Common">
      <UniqueIdentifier>{eadadb9c-903a-4a50-8db9-a82dbf36b434}</UniqueIdentifier>
    </Filter>
    <Filter Include="tinyxml2">
      <UniqueIdentifier>{46208ff5-d822-4f9b-8208-d51993dbec22}</UniqueIdentifier>
    </Filter>
    <Filter Include="agf2dlgasc">
      <UniqueIdentifier>{731e5dde-24bd-46ed-ae96-82f7baf41d3d}</UniqueIdentifier>
    </Filter>
    <Filter Include="data">
      <UniqueIdentifier>{4fd7b344-b56f-488e-b85a-fbcd99b2641a}</UniqueIdentifier>
    </Filter>
  </ItemGroup>
  <ItemGroup>
    <ClCompile Include="..\..\Common\util\bufferedstream.cpp">
      <Filter>Common</Filter>
    </ClCompile>
    <ClCompile Include="..\..\Common\util\file.cpp">
      <Filter>Common</Filter>
    </ClCompile>
    <ClCompile Include="..\..\Common\util\filestream.cpp">
      <Filter>Common</Filter>
    </ClCompile>
    <ClCompile Include="..\..\Common\util\stream.cpp">
      <Filter>Common</Filter>
    </ClCompile>
    <ClCompile Include="..\..\Common\util\string.cpp">
      <Filter>Common</Filter>
    </ClCompile>
    <ClCompile Include="..\..\Common\util\datastream.cpp">
      <Filter>Common</Filter>
    </ClCompile>
    <ClCompile Include="..\..\Common\util\stdio_compat.c">
      <Filter>Common</Filter>
    </ClCompile>
    <ClCompile Include="..\..\Common\util\string_compat.c">
      <Filter>Common</Filter>
    </ClCompile>
    <ClCompile Include="..\..\Common\debug\debugmanager.cpp">
      <Filter>Common</Filter>
    </ClCompile>
    <ClCompile Include="..\..\Common\util\string_utils.cpp">
      <Filter>Common</Filter>
    </ClCompile>
    <ClCompile Include="..\..\libsrc\tinyxml2\tinyxml2.cpp">
      <Filter>tinyxml2</Filter>
    </ClCompile>
    <ClCompile Include="..\..\Tools\agf2dlgasc\main.cpp">
      <Filter>agf2dlgasc</Filter>
    </ClCompile>
    <ClCompile Include="..\..\Common\util\memorystream.cpp">
      <Filter>Common</Filter>
    </ClCompile>
    <ClCompile Include="..\..\Common\util\textstreamreader.cpp">
      <Filter>Common</Filter>
    </ClCompile>
    <ClCompile Include="..\..\Tools\data\agfreader.cpp">
      <Filter>data</Filter>
    </ClCompile>
    <ClCompile Include="..\..\Tools\data\dialogscriptconv.cpp">
      <Filter>data</Filter>
    </ClCompile>
    <ClCompile Include="..\..\Tools\data\script_utils.cpp">
      <Filter>data</Filter>
    </ClCompile>
    <ClCompile Include="..\..\Common\util\path.cpp">
      <Filter>Common</Filter>
    </ClCompile>
  </ItemGroup>
  <ItemGroup>
    <ClInclude Include="..\..\libsrc\tinyxml2\tinyxml2.h">
      <Filter>tinyxml2</Filter>
    </ClInclude>
    <ClInclude Include="..\..\Common\util\bufferedstream.h">
      <Filter>Common</Filter>
    </ClInclude>
    <ClInclude Include="..\..\Common\util\datastream.h">
      <Filter>Common</Filter>
    </ClInclude>
    <ClInclude Include="..\..\Common\util\file.h">
      <Filter>Common</Filter>
    </ClInclude>
    <ClInclude Include="..\..\Common\util\filestream.h">
      <Filter>Common</Filter>
    </ClInclude>
    <ClInclude Include="..\..\Common\debug\out.h">
      <Filter>Common</Filter>
    </ClInclude>
    <ClInclude Include="..\..\Common\util\stream.h">
      <Filter>Common</Filter>
    </ClInclude>
    <ClInclude Include="..\..\Common\util\string.h">
      <Filter>Common</Filter>
    </ClInclude>
    <ClInclude Include="..\..\Common\util\string_utils.h">
      <Filter>Common</Filter>
    </ClInclude>
    <ClInclude Include="..\..\Common\util\memorystream.h">
      <Filter>Common</Filter>
    </ClInclude>
    <ClInclude Include="..\..\Tools\data\agfreader.h">
      <Filter>data</Filter>
    </ClInclude>
    <ClInclude Include="..\..\Tools\data\dialogscriptconv.h">
      <Filter>data</Filter>
    </ClInclude>
    <ClInclude Include="..\..\Tools\data\game_utils.h">
      <Filter>data</Filter>
    </ClInclude>
    <ClInclude Include="..\..\Tools\data\script_utils.h">
      <Filter>data</Filter>
    </ClInclude>
  </ItemGroup>
</Project>