<?xml version="1.0" encoding="utf-8"?>
<Project ToolsVersion="Current" xmlns="http://schemas.microsoft.com/developer/msbuild/2003">
  <ItemGroup>
    <Filter Include="agsbuild">
      <UniqueIdentifier>{513853ce-3a36-4b30-b2d8-7fc614ae270d}</UniqueIdentifier>
    </Filter>
    <Filter Include="Common">
      <UniqueIdentifier>{3d65000a-2230-46ab-b23e-52522063b681}</UniqueIdentifier>
    </Filter>
    <Filter Include="allegro">
      <UniqueIdentifier>{eab3738f-630c-48df-bc9f-a82c9c372c54}</UniqueIdentifier>
    </Filter>
    <Filter Include="data">
      <UniqueIdentifier>{1b2b46a4-2bfd-4b2e-839e-68fa23f9af51}</UniqueIdentifier>
    </Filter>
    <Filter Include="tinyxml2">
      <UniqueIdentifier>{5d6a40aa-f5ea-4292-ad3c-881c491a4557}</UniqueIdentifier>
    </Filter>
  </ItemGroup>
  <ItemGroup>
    <ClCompile Include="..\..\Tools\agsbuild\main.cpp">
      <Filter>agsbuild</Filter>
    </ClCompile>
    <ClCompile Include="..\..\Common\util\bufferedstream.cpp">
      <Filter>Common</Filter>
    </ClCompile>
    <ClCompile Include="..\..\Common\util\cmdlineopts.cpp">
      <Filter>Common</Filter>
    </ClCompile>
    <ClCompile Include="..\..\Common\util\directory.cpp">
      <Filter>Common</Filter>
    </ClCompile>
    <ClCompile Include="..\..\Common\util\file.cpp">
      <Filter>Common</Filter>
    </ClCompile>
    <ClCompile Include="..\..\Common\util\filestream.cpp">
      <Filter>Common</Filter>
    </ClCompile>
    <ClCompile Include="..\..\Common\util\path.cpp">
      <Filter>Common</Filter>
    </ClCompile>
    <ClCompile Include="..\..\Common\util\stdio_compat.c">
      <Filter>Common</Filter>
    </ClCompile>
    <ClCompile Include="..\..\Common\util\stream.cpp">
      <Filter>Common</Filter>
    </ClCompile>
    <ClCompile Include="..\..\Common\util\string.cpp">
      <Filter>Common</Filter>
    </ClCompile>
    <ClCompile Include="..\..\Common\util\string_compat.c">
      <Filter>Common</Filter>
    </ClCompile>
    <ClCompile Include="..\..\Common\util\string_utils.cpp">
      <Filter>Common</Filter>
    </ClCompile>
    <ClCompile Include="..\..\Common\util\textstreamreader.cpp">
      <Filter>Common</Filter>
    </ClCompile>
    <ClCompile Include="..\..\Common\util\textstreamwriter.cpp">
      <Filter>Common</Filter>
    </ClCompile>
    <ClCompile Include="..\..\libsrc\allegro\src\allegro.c">
      <Filter>allegro</Filter>
    </ClCompile>
    <ClCompile Include="..\..\libsrc\allegro\src\file.c">
      <Filter>allegro</Filter>
    </ClCompile>
    <ClCompile Include="..\..\libsrc\allegro\src\unicode.c">
      <Filter>allegro</Filter>
    </ClCompile>
    <ClCompile Include="..\..\libsrc\allegro\src\win\wfile.c">
      <Filter>allegro</Filter>
    </ClCompile>
    <ClCompile Include="..\..\Tools\agsbuild\pipedprocess.cpp">
      <Filter>agsbuild</Filter>
    </ClCompile>
    <ClCompile Include="..\..\Tools\agsbuild\taskmanager.cpp">
      <Filter>agsbuild</Filter>
    </ClCompile>
    <ClCompile Include="..\..\Common\util\memorystream.cpp">
      <Filter>Common</Filter>
    </ClCompile>
    <ClCompile Include="..\..\Tools\data\agfreader.cpp">
      <Filter>data</Filter>
    </ClCompile>
    <ClCompile Include="..\..\libsrc\tinyxml2\tinyxml2.cpp">
      <Filter>tinyxml2</Filter>
    </ClCompile>
    <ClCompile Include="..\..\Common\debug\debugmanager.cpp">
      <Filter>Common</Filter>
    </ClCompile>
  </ItemGroup>
  <ItemGroup>
    <ClInclude Include="..\..\Tools\agsbuild\pipedprocess.h">
      <Filter>agsbuild</Filter>
    </ClInclude>
    <ClInclude Include="..\..\Tools\agsbuild\taskmanager.h">
      <Filter>agsbuild</Filter>
    </ClInclude>
    <ClInclude Include="..\..\Common\util\memorystream.h">
      <Filter>Common</Filter>
    </ClInclude>
    <ClInclude Include="..\..\Tools\data\agfreader.h">
      <Filter>data</Filter>
    </ClInclude>
    <ClInclude Include="..\..\Tools\data\game_utils.h">
      <Filter>data</Filter>
    </ClInclude>
    <ClInclude Include="..\..\Common\util\string_utils.h">
      <Filter>Common</Filter>
    </ClInclude>
    <ClInclude Include="..\..\libsrc\tinyxml2\tinyxml2.h">
      <Filter>tinyxml2</Filter>
    </ClInclude>
  </ItemGroup>
</Project>