<?xml version="1.0" encoding="utf-8"?>
<Project ToolsVersion="4.0" xmlns="http://schemas.microsoft.com/developer/msbuild/2003">
  <ItemGroup>
    <Filter Include="Resource Files">
      <UniqueIdentifier>{67DA6AB6-F800-4c08-8B7A-83BB121AAD01}</UniqueIdentifier>
      <Extensions>rc;ico;cur;bmp;dlg;rc2;rct;bin;rgs;gif;jpg;jpeg;jpe;resx;tiff;tif;png;wav;mfcribbon-ms</Extensions>
    </Filter>
    <Filter Include="Common">
      <UniqueIdentifier>{eadadb9c-903a-4a50-8db9-a82dbf36b434}</UniqueIdentifier>
    </Filter>
    <Filter Include="crm2ash">
      <UniqueIdentifier>{731e5dde-24bd-46ed-ae96-82f7baf41d3d}</UniqueIdentifier>
    </Filter>
    <Filter Include="data">
      <UniqueIdentifier>{ebea7864-de2f-48c8-b3d2-51eb82b7a045}</UniqueIdentifier>
    </Filter>
  </ItemGroup>
  <ItemGroup>
    <ClCompile Include="..\..\Common\util\bufferedstream.cpp">
      <Filter>Common</Filter>
    </ClCompile>
    <ClCompile Include="..\..\Common\util\file.cpp">
      <Filter>Common</Filter>
    </ClCompile>
    <ClCompile Include="..\..\Common\util\filestream.cpp">
      <Filter>Common</Filter>
    </ClCompile>
    <ClCompile Include="..\..\Common\util\stream.cpp">
      <Filter>Common</Filter>
    </ClCompile>
    <ClCompile Include="..\..\Common\util\string.cpp">
      <Filter>Common</Filter>
    </ClCompile>
    <ClCompile Include="..\..\Common\util\datastream.cpp">
      <Filter>Common</Filter>
    </ClCompile>
    <ClCompile Include="..\..\Common\util\stdio_compat.c">
      <Filter>Common</Filter>
    </ClCompile>
    <ClCompile Include="..\..\Common\util\string_compat.c">
      <Filter>Common</Filter>
    </ClCompile>
    <ClCompile Include="..\..\Common\debug\debugmanager.cpp">
      <Filter>Common</Filter>
    </ClCompile>
    <ClCompile Include="..\..\Common\util\string_utils.cpp">
      <Filter>Common</Filter>
    </ClCompile>
    <ClCompile Include="..\..\Tools\crm2ash\main.cpp">
      <Filter>crm2ash</Filter>
    </ClCompile>
    <ClCompile Include="..\..\Common\game\room_file_base.cpp">
      <Filter>Common</Filter>
    </ClCompile>
    <ClCompile Include="..\..\Tools\data\room_utils.cpp">
      <Filter>data</Filter>
    </ClCompile>
    <ClCompile Include="..\..\Tools\data\scriptgen.cpp">
      <Filter>data</Filter>
    </ClCompile>
  </ItemGroup>
  <ItemGroup>
    <ClInclude Include="..\..\Tools\data\room_utils.h">
      <Filter>data</Filter>
    </ClInclude>
    <ClInclude Include="..\..\Tools\data\scriptgen.h">
      <Filter>data</Filter>
    </ClInclude>
  </ItemGroup>
</Project>