<?xml version="1.0" encoding="utf-8"?>
<Project ToolsVersion="4.0" xmlns="http://schemas.microsoft.com/developer/msbuild/2003">
  <ItemGroup>
    <Filter Include="Resource Files">
      <UniqueIdentifier>{67DA6AB6-F800-4c08-8B7A-83BB121AAD01}</UniqueIdentifier>
      <Extensions>rc;ico;cur;bmp;dlg;rc2;rct;bin;rgs;gif;jpg;jpeg;jpe;resx;tiff;tif;png;wav;mfcribbon-ms</Extensions>
    </Filter>
    <Filter Include="Common">
      <UniqueIdentifier>{eadadb9c-903a-4a50-8db9-a82dbf36b434}</UniqueIdentifier>
    </Filter>
    <Filter Include="spritepak">
      <UniqueIdentifier>{731e5dde-24bd-46ed-ae96-82f7baf41d3d}</UniqueIdentifier>
    </Filter>
    <Filter Include="miniz">
      <UniqueIdentifier>{3c265ae8-b584-444e-af07-9c70a00f4543}</UniqueIdentifier>
    </Filter>
    <Filter Include="allegro">
      <UniqueIdentifier>{9f02011e-fa1a-41f3-97bd-8d6b72d66542}</UniqueIdentifier>
    </Filter>
  </ItemGroup>
  <ItemGroup>
    <ClCompile Include="..\..\Tools\spritepak\main.cpp">
      <Filter>spritepak</Filter>
    </ClCompile>
    <ClCompile Include="..\..\Tools\spritepak\commands.cpp">
      <Filter>spritepak</Filter>
    </ClCompile>
    <ClCompile Include="..\..\Common\ac\spritefile.cpp">
      <Filter>Common</Filter>
    </ClCompile>
    <ClCompile Include="..\..\Common\gfx\image_file.cpp">
      <Filter>Common</Filter>
    </ClCompile>
    <ClCompile Include="..\..\Common\util\bufferedstream.cpp">
      <Filter>Common</Filter>
    </ClCompile>
    <ClCompile Include="..\..\Common\util\cmdlineopts.cpp">
      <Filter>Common</Filter>
    </ClCompile>
    <ClCompile Include="..\..\Common\util\compress.cpp">
      <Filter>Common</Filter>
    </ClCompile>
    <ClCompile Include="..\..\Common\util\directory.cpp">
      <Filter>Common</Filter>
    </ClCompile>
    <ClCompile Include="..\..\Common\util\file.cpp">
      <Filter>Common</Filter>
    </ClCompile>
    <ClCompile Include="..\..\Common\util\stream.cpp">
      <Filter>Common</Filter>
    </ClCompile>
    <ClCompile Include="..\..\Common\util\string.cpp">
      <Filter>Common</Filter>
    </ClCompile>
    <ClCompile Include="..\..\Common\util\string_utils.cpp">
      <Filter>Common</Filter>
    </ClCompile>
    <ClCompile Include="..\..\Common\util\memorystream.cpp">
      <Filter>Common</Filter>
    </ClCompile>
    <ClCompile Include="..\..\Common\util\filestream.cpp">
      <Filter>Common</Filter>
    </ClCompile>
    <ClCompile Include="..\..\Common\util\stdio_compat.c">
      <Filter>Common</Filter>
    </ClCompile>
    <ClCompile Include="..\..\Common\util\path.cpp">
      <Filter>Common</Filter>
    </ClCompile>
    <ClCompile Include="..\..\Common\util\string_compat.c">
      <Filter>Common</Filter>
    </ClCompile>
    <ClCompile Include="..\..\libsrc\miniz\miniz.c">
      <Filter>miniz</Filter>
    </ClCompile>
    <ClCompile Include="..\..\Common\util\lzw.cpp">
      <Filter>Common</Filter>
    </ClCompile>
    <ClCompile Include="..\..\Common\gfx\bitmapdata.cpp">
      <Filter>Common</Filter>
    </ClCompile>
    <ClCompile Include="..\..\libsrc\allegro\src\color.c">
      <Filter>allegro</Filter>
    </ClCompile>
  </ItemGroup>
  <ItemGroup>
    <ClInclude Include="..\..\Tools\spritepak\commands.h">
      <Filter>spritepak</Filter>
    </ClInclude>
    <ClInclude Include="..\..\Common\ac\spritefile.h">
      <Filter>Common</Filter>
    </ClInclude>
    <ClInclude Include="..\..\Common\gfx\image_file.h">
      <Filter>Common</Filter>
    </ClInclude>
    <ClInclude Include="..\..\Common\util\bufferedstream.h">
      <Filter>Common</Filter>
    </ClInclude>
    <ClInclude Include="..\..\Common\util\cmdlineopts.h">
      <Filter>Common</Filter>
    </ClInclude>
    <ClInclude Include="..\..\Common\util\compress.h">
      <Filter>Common</Filter>
    </ClInclude>
    <ClInclude Include="..\..\Common\util\directory.h">
      <Filter>Common</Filter>
    </ClInclude>
    <ClInclude Include="..\..\Common\util\file.h">
      <Filter>Common</Filter>
    </ClInclude>
    <ClInclude Include="..\..\Common\util\stream.h">
      <Filter>Common</Filter>
    </ClInclude>
    <ClInclude Include="..\..\Common\util\string.h">
      <Filter>Common</Filter>
    </ClInclude>
    <ClInclude Include="..\..\Common\util\string_utils.h">
      <Filter>Common</Filter>
    </ClInclude>
    <ClInclude Include="..\..\Common\util\memorystream.h">
      <Filter>Common</Filter>
    </ClInclude>
    <ClInclude Include="..\..\Common\util\filestream.h">
      <Filter>Common</Filter>
    </ClInclude>
    <ClInclude Include="..\..\Common\util\stdio_compat.h">
      <Filter>Common</Filter>
    </ClInclude>
    <ClInclude Include="..\..\Common\util\path.h">
      <Filter>Common</Filter>
    </ClInclude>
    <ClInclude Include="..\..\Common\util\string_compat.h">
      <Filter>Common</Filter>
    </ClInclude>
    <ClInclude Include="..\..\libsrc\miniz\miniz.h">
      <Filter>miniz</Filter>
    </ClInclude>
    <ClInclude Include="..\..\Common\util\lzw.h">
      <Filter>Common</Filter>
    </ClInclude>
    <ClInclude Include="..\..\Common\gfx\bitmapdata.h">
      <Filter>Common</Filter>
    </ClInclude>
  </ItemGroup>
</Project>